
Microsoft Visual Studio Solution File, Format Version 12.00
# Visual Studio Version 17
VisualStudioVersion = 17.0.31903.59
MinimumVisualStudioVersion = 10.0.40219.1
Project("{FAE04EC0-301F-11D3-BF4B-00C04F79EFBC}") = "SafeVaultApi.Api", "SafeVaultApi.Api\SafeVaultApi.Api.csproj", "{D0B06402-AC5F-46B4-8C95-84863AF15264}"
EndProject
Project("{FAE04EC0-301F-11D3-BF4B-00C04F79EFBC}") = "SafeVaultApi.Tests", "SafeVaultApi.Tests\SafeVaultApi.Tests.csproj", "{391C107A-4003-442C-9C1B-5229B9A0A653}"
EndProject
Global
	GlobalSection(SolutionConfigurationPlatforms) = preSolution
		Debug|Any CPU = Debug|Any CPU
		Release|Any CPU = Release|Any CPU
	EndGlobalSection
	GlobalSection(SolutionProperties) = preSolution
		HideSolutionNode = FALSE
	EndGlobalSection
	GlobalSection(ProjectConfigurationPlatforms) = postSolution
		{D0B06402-AC5F-46B4-8C95-84863AF15264}.Debug|Any CPU.ActiveCfg = Debug|Any CPU
		{D0B06402-AC5F-46B4-8C95-84863AF15264}.Debug|Any CPU.Build.0 = Debug|Any CPU
		{D0B06402-AC5F-46B4-8C95-84863AF15264}.Release|Any CPU.ActiveCfg = Release|Any CPU
		{D0B06402-AC5F-46B4-8C95-84863AF15264}.Release|Any CPU.Build.0 = Release|Any CPU
		{391C107A-4003-442C-9C1B-5229B9A0A653}.Debug|Any CPU.ActiveCfg = Debug|Any CPU
		{391C107A-4003-442C-9C1B-5229B9A0A653}.Debug|Any CPU.Build.0 = Debug|Any CPU
		{391C107A-4003-442C-9C1B-5229B9A0A653}.Release|Any CPU.ActiveCfg = Release|Any CPU
		{391C107A-4003-442C-9C1B-5229B9A0A653}.Release|Any CPU.Build.0 = Release|Any CPU
	EndGlobalSection
EndGlobal
